
Microsoft Visual Studio Solution File, Format Version 12.00
# Visual Studio Version 16
VisualStudioVersion = 16.0.31911.196
MinimumVisualStudioVersion = 10.0.40219.1
Project("{FAE04EC0-301F-11D3-BF4B-00C04F79EFBC}") = "GenericList", "GenericList\GenericList.csproj", "{2D827102-A91B-4865-A27F-EA8CB3D1554E}"
EndProject
Global
	GlobalSection(SolutionConfigurationPlatforms) = preSolution
		Debug|Any CPU = Debug|Any CPU
		Release|Any CPU = Release|Any CPU
	EndGlobalSection
	GlobalSection(ProjectConfigurationPlatforms) = postSolution
		{2D827102-A91B-4865-A27F-EA8CB3D1554E}.Debug|Any CPU.ActiveCfg = Debug|Any CPU
		{2D827102-A91B-4865-A27F-EA8CB3D1554E}.Debug|Any CPU.Build.0 = Debug|Any CPU
		{2D827102-A91B-4865-A27F-EA8CB3D1554E}.Release|Any CPU.ActiveCfg = Release|Any CPU
		{2D827102-A91B-4865-A27F-EA8CB3D1554E}.Release|Any CPU.Build.0 = Release|Any CPU
	EndGlobalSection
	GlobalSection(SolutionProperties) = preSolution
		HideSolutionNode = FALSE
	EndGlobalSection
	GlobalSection(ExtensibilityGlobals) = postSolution
		SolutionGuid = {A6753801-2773-4623-A18B-5F94EC53E9D7}
	EndGlobalSection
EndGlobal
